// !$*UTF8*$!
{
	archiveVersion = 1;
	classes = {
	};
	objectVersion = 46;
	objects = {

/* Begin PBXBuildFile section */
		975F46CB1EC1CFE700F143BC /* LoginVC.m in Sources */ = {isa = PBXBuildFile; fileRef = 975F46CA1EC1CFE700F143BC /* LoginVC.m */; };
		975F46CD1EC1D00100F143BC /* LoginVC.storyboard in Resources */ = {isa = PBXBuildFile; fileRef = 975F46CC1EC1D00100F143BC /* LoginVC.storyboard */; };
		975F46D21EC1DB6300F143BC /* BaseNavigationController.m in Sources */ = {isa = PBXBuildFile; fileRef = 975F46D11EC1DB6300F143BC /* BaseNavigationController.m */; };
		975F46D81EC1E07C00F143BC /* BookingListVC.storyboard in Resources */ = {isa = PBXBuildFile; fileRef = 975F46D71EC1E07C00F143BC /* BookingListVC.storyboard */; };
		975F46DB1EC1E0A200F143BC /* BookingListVC.m in Sources */ = {isa = PBXBuildFile; fileRef = 975F46DA1EC1E0A200F143BC /* BookingListVC.m */; };
		975F46DF1EC1E69000F143BC /* ProfileBaseView.m in Sources */ = {isa = PBXBuildFile; fileRef = 975F46DE1EC1E69000F143BC /* ProfileBaseView.m */; };
		975F46E21EC1E89F00F143BC /* BookingCell.m in Sources */ = {isa = PBXBuildFile; fileRef = 975F46E11EC1E89F00F143BC /* BookingCell.m */; };
		975F46E61EC1F97E00F143BC /* BookingDetailsVC.m in Sources */ = {isa = PBXBuildFile; fileRef = 975F46E51EC1F97E00F143BC /* BookingDetailsVC.m */; };
		975F46E81EC1F9BF00F143BC /* BookingDetailsVC.storyboard in Resources */ = {isa = PBXBuildFile; fileRef = 975F46E71EC1F9BF00F143BC /* BookingDetailsVC.storyboard */; };
		D8BBFCE0E9F89C8947BE5894 /* libPods-TaxiBooking.a in Frameworks */ = {isa = PBXBuildFile; fileRef = 7D9CAE65B7E781491AD0589B /* libPods-TaxiBooking.a */; };
		EA75A03F1EC1E32C00699214 /* BookingManager.m in Sources */ = {isa = PBXBuildFile; fileRef = EA75A03E1EC1E32C00699214 /* BookingManager.m */; };
		EA75A0421EC1E33C00699214 /* Globals.m in Sources */ = {isa = PBXBuildFile; fileRef = EA75A0411EC1E33C00699214 /* Globals.m */; };
		EA75A0461EC1E78100699214 /* Driver.m in Sources */ = {isa = PBXBuildFile; fileRef = EA75A0451EC1E78100699214 /* Driver.m */; };
		EA75A0491EC1F17800699214 /* BookingModel.m in Sources */ = {isa = PBXBuildFile; fileRef = EA75A0481EC1F17800699214 /* BookingModel.m */; };
		EAF39A9F1EC1C4EE003DE2D5 /* main.m in Sources */ = {isa = PBXBuildFile; fileRef = EAF39A9E1EC1C4EE003DE2D5 /* main.m */; };
		EAF39AA21EC1C4EE003DE2D5 /* AppDelegate.m in Sources */ = {isa = PBXBuildFile; fileRef = EAF39AA11EC1C4EE003DE2D5 /* AppDelegate.m */; };
		EAF39AA51EC1C4EE003DE2D5 /* ViewController.m in Sources */ = {isa = PBXBuildFile; fileRef = EAF39AA41EC1C4EE003DE2D5 /* ViewController.m */; };
		EAF39AA81EC1C4EE003DE2D5 /* Main.storyboard in Resources */ = {isa = PBXBuildFile; fileRef = EAF39AA61EC1C4EE003DE2D5 /* Main.storyboard */; };
		EAF39AAA1EC1C4EE003DE2D5 /* Assets.xcassets in Resources */ = {isa = PBXBuildFile; fileRef = EAF39AA91EC1C4EE003DE2D5 /* Assets.xcassets */; };
		EAF39AAD1EC1C4EE003DE2D5 /* LaunchScreen.storyboard in Resources */ = {isa = PBXBuildFile; fileRef = EAF39AAB1EC1C4EE003DE2D5 /* LaunchScreen.storyboard */; };
/* End PBXBuildFile section */

/* Begin PBXFileReference section */
		1F6394EA9DEBB00B38BE3252 /* Pods-TaxiBooking.debug.xcconfig */ = {isa = PBXFileReference; includeInIndex = 1; lastKnownFileType = text.xcconfig; name = "Pods-TaxiBooking.debug.xcconfig"; path = "Pods/Target Support Files/Pods-TaxiBooking/Pods-TaxiBooking.debug.xcconfig"; sourceTree = "<group>"; };
		7D9CAE65B7E781491AD0589B /* libPods-TaxiBooking.a */ = {isa = PBXFileReference; explicitFileType = archive.ar; includeInIndex = 0; path = "libPods-TaxiBooking.a"; sourceTree = BUILT_PRODUCTS_DIR; };
		975F46C91EC1CFE700F143BC /* LoginVC.h */ = {isa = PBXFileReference; fileEncoding = 4; lastKnownFileType = sourcecode.c.h; name = LoginVC.h; path = GUI/Login/LoginVC.h; sourceTree = "<group>"; };
		975F46CA1EC1CFE700F143BC /* LoginVC.m */ = {isa = PBXFileReference; fileEncoding = 4; lastKnownFileType = sourcecode.c.objc; name = LoginVC.m; path = GUI/Login/LoginVC.m; sourceTree = "<group>"; };
		975F46CC1EC1D00100F143BC /* LoginVC.storyboard */ = {isa = PBXFileReference; fileEncoding = 4; lastKnownFileType = file.storyboard; name = LoginVC.storyboard; path = GUI/Login/LoginVC.storyboard; sourceTree = "<group>"; };
		975F46CE1EC1D3EA00F143BC /* Constants.h */ = {isa = PBXFileReference; lastKnownFileType = sourcecode.c.h; path = Constants.h; sourceTree = "<group>"; };
		975F46D01EC1DB6300F143BC /* BaseNavigationController.h */ = {isa = PBXFileReference; fileEncoding = 4; lastKnownFileType = sourcecode.c.h; name = BaseNavigationController.h; path = GUI/Base/BaseNavigationController.h; sourceTree = "<group>"; };
		975F46D11EC1DB6300F143BC /* BaseNavigationController.m */ = {isa = PBXFileReference; fileEncoding = 4; lastKnownFileType = sourcecode.c.objc; name = BaseNavigationController.m; path = GUI/Base/BaseNavigationController.m; sourceTree = "<group>"; };
		975F46D71EC1E07C00F143BC /* BookingListVC.storyboard */ = {isa = PBXFileReference; fileEncoding = 4; lastKnownFileType = file.storyboard; name = BookingListVC.storyboard; path = GUI/BookingList/BookingListVC.storyboard; sourceTree = "<group>"; };
		975F46D91EC1E0A200F143BC /* BookingListVC.h */ = {isa = PBXFileReference; fileEncoding = 4; lastKnownFileType = sourcecode.c.h; name = BookingListVC.h; path = GUI/BookingList/BookingListVC.h; sourceTree = "<group>"; };
		975F46DA1EC1E0A200F143BC /* BookingListVC.m */ = {isa = PBXFileReference; fileEncoding = 4; lastKnownFileType = sourcecode.c.objc; name = BookingListVC.m; path = GUI/BookingList/BookingListVC.m; sourceTree = "<group>"; };
		975F46DD1EC1E69000F143BC /* ProfileBaseView.h */ = {isa = PBXFileReference; fileEncoding = 4; lastKnownFileType = sourcecode.c.h; name = ProfileBaseView.h; path = GUI/views/ProfileBaseView.h; sourceTree = "<group>"; };
		975F46DE1EC1E69000F143BC /* ProfileBaseView.m */ = {isa = PBXFileReference; fileEncoding = 4; lastKnownFileType = sourcecode.c.objc; name = ProfileBaseView.m; path = GUI/views/ProfileBaseView.m; sourceTree = "<group>"; };
		975F46E01EC1E89F00F143BC /* BookingCell.h */ = {isa = PBXFileReference; fileEncoding = 4; lastKnownFileType = sourcecode.c.h; name = BookingCell.h; path = GUI/views/BookingCell.h; sourceTree = "<group>"; };
		975F46E11EC1E89F00F143BC /* BookingCell.m */ = {isa = PBXFileReference; fileEncoding = 4; lastKnownFileType = sourcecode.c.objc; name = BookingCell.m; path = GUI/views/BookingCell.m; sourceTree = "<group>"; };
		975F46E41EC1F97E00F143BC /* BookingDetailsVC.h */ = {isa = PBXFileReference; fileEncoding = 4; lastKnownFileType = sourcecode.c.h; name = BookingDetailsVC.h; path = GUI/BookingDetails/BookingDetailsVC.h; sourceTree = "<group>"; };
		975F46E51EC1F97E00F143BC /* BookingDetailsVC.m */ = {isa = PBXFileReference; fileEncoding = 4; lastKnownFileType = sourcecode.c.objc; name = BookingDetailsVC.m; path = GUI/BookingDetails/BookingDetailsVC.m; sourceTree = "<group>"; };
		975F46E71EC1F9BF00F143BC /* BookingDetailsVC.storyboard */ = {isa = PBXFileReference; fileEncoding = 4; lastKnownFileType = file.storyboard; name = BookingDetailsVC.storyboard; path = GUI/BookingDetails/BookingDetailsVC.storyboard; sourceTree = "<group>"; };
		9A8B2E733703C0002AAD711D /* Pods-TaxiBooking.release.xcconfig */ = {isa = PBXFileReference; includeInIndex = 1; lastKnownFileType = text.xcconfig; name = "Pods-TaxiBooking.release.xcconfig"; path = "Pods/Target Support Files/Pods-TaxiBooking/Pods-TaxiBooking.release.xcconfig"; sourceTree = "<group>"; };
		EA75A03D1EC1E32C00699214 /* BookingManager.h */ = {isa = PBXFileReference; fileEncoding = 4; lastKnownFileType = sourcecode.c.h; path = BookingManager.h; sourceTree = "<group>"; };
		EA75A03E1EC1E32C00699214 /* BookingManager.m */ = {isa = PBXFileReference; fileEncoding = 4; lastKnownFileType = sourcecode.c.objc; path = BookingManager.m; sourceTree = "<group>"; };
		EA75A0401EC1E33C00699214 /* Globals.h */ = {isa = PBXFileReference; fileEncoding = 4; lastKnownFileType = sourcecode.c.h; path = Globals.h; sourceTree = "<group>"; };
		EA75A0411EC1E33C00699214 /* Globals.m */ = {isa = PBXFileReference; fileEncoding = 4; lastKnownFileType = sourcecode.c.objc; path = Globals.m; sourceTree = "<group>"; };
		EA75A0441EC1E78100699214 /* Driver.h */ = {isa = PBXFileReference; fileEncoding = 4; lastKnownFileType = sourcecode.c.h; path = Driver.h; sourceTree = "<group>"; };
		EA75A0451EC1E78100699214 /* Driver.m */ = {isa = PBXFileReference; fileEncoding = 4; lastKnownFileType = sourcecode.c.objc; path = Driver.m; sourceTree = "<group>"; };
		EA75A0471EC1F17800699214 /* BookingModel.h */ = {isa = PBXFileReference; fileEncoding = 4; lastKnownFileType = sourcecode.c.h; path = BookingModel.h; sourceTree = "<group>"; };
		EA75A0481EC1F17800699214 /* BookingModel.m */ = {isa = PBXFileReference; fileEncoding = 4; lastKnownFileType = sourcecode.c.objc; path = BookingModel.m; sourceTree = "<group>"; };
		EAF39A9A1EC1C4EE003DE2D5 /* TaxiBooking.app */ = {isa = PBXFileReference; explicitFileType = wrapper.application; includeInIndex = 0; path = TaxiBooking.app; sourceTree = BUILT_PRODUCTS_DIR; };
		EAF39A9E1EC1C4EE003DE2D5 /* main.m */ = {isa = PBXFileReference; lastKnownFileType = sourcecode.c.objc; path = main.m; sourceTree = "<group>"; };
		EAF39AA01EC1C4EE003DE2D5 /* AppDelegate.h */ = {isa = PBXFileReference; lastKnownFileType = sourcecode.c.h; path = AppDelegate.h; sourceTree = "<group>"; };
		EAF39AA11EC1C4EE003DE2D5 /* AppDelegate.m */ = {isa = PBXFileReference; lastKnownFileType = sourcecode.c.objc; path = AppDelegate.m; sourceTree = "<group>"; };
		EAF39AA31EC1C4EE003DE2D5 /* ViewController.h */ = {isa = PBXFileReference; lastKnownFileType = sourcecode.c.h; path = ViewController.h; sourceTree = "<group>"; };
		EAF39AA41EC1C4EE003DE2D5 /* ViewController.m */ = {isa = PBXFileReference; lastKnownFileType = sourcecode.c.objc; path = ViewController.m; sourceTree = "<group>"; };
		EAF39AA71EC1C4EE003DE2D5 /* Base */ = {isa = PBXFileReference; lastKnownFileType = file.storyboard; name = Base; path = Base.lproj/Main.storyboard; sourceTree = "<group>"; };
		EAF39AA91EC1C4EE003DE2D5 /* Assets.xcassets */ = {isa = PBXFileReference; lastKnownFileType = folder.assetcatalog; path = Assets.xcassets; sourceTree = "<group>"; };
		EAF39AAC1EC1C4EE003DE2D5 /* Base */ = {isa = PBXFileReference; lastKnownFileType = file.storyboard; name = Base; path = Base.lproj/LaunchScreen.storyboard; sourceTree = "<group>"; };
		EAF39AAE1EC1C4EE003DE2D5 /* Info.plist */ = {isa = PBXFileReference; lastKnownFileType = text.plist.xml; path = Info.plist; sourceTree = "<group>"; };
/* End PBXFileReference section */

/* Begin PBXFrameworksBuildPhase section */
		EAF39A971EC1C4EE003DE2D5 /* Frameworks */ = {
			isa = PBXFrameworksBuildPhase;
			buildActionMask = 2147483647;
			files = (
				D8BBFCE0E9F89C8947BE5894 /* libPods-TaxiBooking.a in Frameworks */,
			);
			runOnlyForDeploymentPostprocessing = 0;
		};
/* End PBXFrameworksBuildPhase section */

/* Begin PBXGroup section */
		19F913EFEF62B99092B85E72 /* Pods */ = {
			isa = PBXGroup;
			children = (
				1F6394EA9DEBB00B38BE3252 /* Pods-TaxiBooking.debug.xcconfig */,
				9A8B2E733703C0002AAD711D /* Pods-TaxiBooking.release.xcconfig */,
			);
			name = Pods;
			sourceTree = "<group>";
		};
		975F46C71EC1CF6500F143BC /* GUI */ = {
			isa = PBXGroup;
			children = (
				975F46DC1EC1E62700F143BC /* views */,
				975F46E31EC1F92300F143BC /* BookingDetail */,
				975F46D31EC1DFEB00F143BC /* BookingList */,
				975F46CF1EC1DA8900F143BC /* Base */,
				975F46C81EC1CF7B00F143BC /* Login */,
			);
			name = GUI;
			sourceTree = "<group>";
		};
		975F46C81EC1CF7B00F143BC /* Login */ = {
			isa = PBXGroup;
			children = (
				975F46C91EC1CFE700F143BC /* LoginVC.h */,
				975F46CA1EC1CFE700F143BC /* LoginVC.m */,
				975F46CC1EC1D00100F143BC /* LoginVC.storyboard */,
			);
			name = Login;
			sourceTree = "<group>";
		};
		975F46CF1EC1DA8900F143BC /* Base */ = {
			isa = PBXGroup;
			children = (
				975F46D01EC1DB6300F143BC /* BaseNavigationController.h */,
				975F46D11EC1DB6300F143BC /* BaseNavigationController.m */,
			);
			name = Base;
			sourceTree = "<group>";
		};
		975F46D31EC1DFEB00F143BC /* BookingList */ = {
			isa = PBXGroup;
			children = (
				975F46D91EC1E0A200F143BC /* BookingListVC.h */,
				975F46DA1EC1E0A200F143BC /* BookingListVC.m */,
				975F46D71EC1E07C00F143BC /* BookingListVC.storyboard */,
			);
			name = BookingList;
			sourceTree = "<group>";
		};
		975F46DC1EC1E62700F143BC /* views */ = {
			isa = PBXGroup;
			children = (
				975F46DD1EC1E69000F143BC /* ProfileBaseView.h */,
				975F46DE1EC1E69000F143BC /* ProfileBaseView.m */,
				975F46E01EC1E89F00F143BC /* BookingCell.h */,
				975F46E11EC1E89F00F143BC /* BookingCell.m */,
			);
			name = views;
			sourceTree = "<group>";
		};
		975F46E31EC1F92300F143BC /* BookingDetail */ = {
			isa = PBXGroup;
			children = (
				975F46E41EC1F97E00F143BC /* BookingDetailsVC.h */,
				975F46E51EC1F97E00F143BC /* BookingDetailsVC.m */,
				975F46E71EC1F9BF00F143BC /* BookingDetailsVC.storyboard */,
			);
			name = BookingDetail;
			sourceTree = "<group>";
		};
		DF30937FED4EE8D256D0F97D /* Frameworks */ = {
			isa = PBXGroup;
			children = (
				7D9CAE65B7E781491AD0589B /* libPods-TaxiBooking.a */,
			);
			name = Frameworks;
			sourceTree = "<group>";
		};
		EA75A0431EC1E40900699214 /* Models */ = {
			isa = PBXGroup;
			children = (
				EA75A0441EC1E78100699214 /* Driver.h */,
				EA75A0451EC1E78100699214 /* Driver.m */,
				EA75A0471EC1F17800699214 /* BookingModel.h */,
				EA75A0481EC1F17800699214 /* BookingModel.m */,
			);
			name = Models;
			sourceTree = "<group>";
		};
		EAF39A911EC1C4EE003DE2D5 = {
			isa = PBXGroup;
			children = (
				EAF39A9C1EC1C4EE003DE2D5 /* TaxiBooking */,
				EAF39A9B1EC1C4EE003DE2D5 /* Products */,
				19F913EFEF62B99092B85E72 /* Pods */,
				DF30937FED4EE8D256D0F97D /* Frameworks */,
			);
			sourceTree = "<group>";
		};
		EAF39A9B1EC1C4EE003DE2D5 /* Products */ = {
			isa = PBXGroup;
			children = (
				EAF39A9A1EC1C4EE003DE2D5 /* TaxiBooking.app */,
			);
			name = Products;
			sourceTree = "<group>";
		};
		EAF39A9C1EC1C4EE003DE2D5 /* TaxiBooking */ = {
			isa = PBXGroup;
			children = (
				975F46C71EC1CF6500F143BC /* GUI */,
				EAF39AA01EC1C4EE003DE2D5 /* AppDelegate.h */,
				EAF39AA11EC1C4EE003DE2D5 /* AppDelegate.m */,
				EA75A0401EC1E33C00699214 /* Globals.h */,
				EA75A0411EC1E33C00699214 /* Globals.m */,
				EA75A03D1EC1E32C00699214 /* BookingManager.h */,
				EA75A03E1EC1E32C00699214 /* BookingManager.m */,
				EA75A0431EC1E40900699214 /* Models */,
				EAF39AA31EC1C4EE003DE2D5 /* ViewController.h */,
				EAF39AA41EC1C4EE003DE2D5 /* ViewController.m */,
				EAF39AA61EC1C4EE003DE2D5 /* Main.storyboard */,
				EAF39AA91EC1C4EE003DE2D5 /* Assets.xcassets */,
				EAF39AAB1EC1C4EE003DE2D5 /* LaunchScreen.storyboard */,
				EAF39AAE1EC1C4EE003DE2D5 /* Info.plist */,
				EAF39A9D1EC1C4EE003DE2D5 /* Supporting Files */,
				975F46CE1EC1D3EA00F143BC /* Constants.h */,
			);
			path = TaxiBooking;
			sourceTree = "<group>";
		};
		EAF39A9D1EC1C4EE003DE2D5 /* Supporting Files */ = {
			isa = PBXGroup;
			children = (
				EAF39A9E1EC1C4EE003DE2D5 /* main.m */,
			);
			name = "Supporting Files";
			sourceTree = "<group>";
		};
/* End PBXGroup section */

/* Begin PBXNativeTarget section */
		EAF39A991EC1C4EE003DE2D5 /* TaxiBooking */ = {
			isa = PBXNativeTarget;
			buildConfigurationList = EAF39AB11EC1C4EE003DE2D5 /* Build configuration list for PBXNativeTarget "TaxiBooking" */;
			buildPhases = (
				D9C0E52F8736F1BAF6C7EBF2 /* [CP] Check Pods Manifest.lock */,
				EAF39A961EC1C4EE003DE2D5 /* Sources */,
				EAF39A971EC1C4EE003DE2D5 /* Frameworks */,
				EAF39A981EC1C4EE003DE2D5 /* Resources */,
				AC67B4C23FD1E6469A615642 /* [CP] Embed Pods Frameworks */,
				F803FA6382B9A860BA1C8861 /* [CP] Copy Pods Resources */,
			);
			buildRules = (
			);
			dependencies = (
			);
			name = TaxiBooking;
			productName = TaxiBooking;
			productReference = EAF39A9A1EC1C4EE003DE2D5 /* TaxiBooking.app */;
			productType = "com.apple.product-type.application";
		};
/* End PBXNativeTarget section */

/* Begin PBXProject section */
		EAF39A921EC1C4EE003DE2D5 /* Project object */ = {
			isa = PBXProject;
			attributes = {
				LastUpgradeCheck = 0830;
				ORGANIZATIONNAME = "Tony Hrabovskyi";
				TargetAttributes = {
					EAF39A991EC1C4EE003DE2D5 = {
						CreatedOnToolsVersion = 8.3;
						DevelopmentTeam = Y2Y3UF8R2H;
						ProvisioningStyle = Automatic;
					};
				};
			};
			buildConfigurationList = EAF39A951EC1C4EE003DE2D5 /* Build configuration list for PBXProject "TaxiBooking" */;
			compatibilityVersion = "Xcode 3.2";
			developmentRegion = English;
			hasScannedForEncodings = 0;
			knownRegions = (
				en,
				Base,
			);
			mainGroup = EAF39A911EC1C4EE003DE2D5;
			productRefGroup = EAF39A9B1EC1C4EE003DE2D5 /* Products */;
			projectDirPath = "";
			projectRoot = "";
			targets = (
				EAF39A991EC1C4EE003DE2D5 /* TaxiBooking */,
			);
		};
/* End PBXProject section */

/* Begin PBXResourcesBuildPhase section */
		EAF39A981EC1C4EE003DE2D5 /* Resources */ = {
			isa = PBXResourcesBuildPhase;
			buildActionMask = 2147483647;
			files = (
				975F46CD1EC1D00100F143BC /* LoginVC.storyboard in Resources */,
				EAF39AAD1EC1C4EE003DE2D5 /* LaunchScreen.storyboard in Resources */,
				EAF39AAA1EC1C4EE003DE2D5 /* Assets.xcassets in Resources */,
				EAF39AA81EC1C4EE003DE2D5 /* Main.storyboard in Resources */,
				975F46E81EC1F9BF00F143BC /* BookingDetailsVC.storyboard in Resources */,
				975F46D81EC1E07C00F143BC /* BookingListVC.storyboard in Resources */,
			);
			runOnlyForDeploymentPostprocessing = 0;
		};
/* End PBXResourcesBuildPhase section */

/* Begin PBXShellScriptBuildPhase section */
		AC67B4C23FD1E6469A615642 /* [CP] Embed Pods Frameworks */ = {
			isa = PBXShellScriptBuildPhase;
			buildActionMask = 2147483647;
			files = (
			);
			inputPaths = (
			);
			name = "[CP] Embed Pods Frameworks";
			outputPaths = (
			);
			runOnlyForDeploymentPostprocessing = 0;
			shellPath = /bin/sh;
			shellScript = "\"${SRCROOT}/Pods/Target Support Files/Pods-TaxiBooking/Pods-TaxiBooking-frameworks.sh\"\n";
			showEnvVarsInLog = 0;
		};
		D9C0E52F8736F1BAF6C7EBF2 /* [CP] Check Pods Manifest.lock */ = {
			isa = PBXShellScriptBuildPhase;
			buildActionMask = 2147483647;
			files = (
			);
			inputPaths = (
			);
			name = "[CP] Check Pods Manifest.lock";
			outputPaths = (
			);
			runOnlyForDeploymentPostprocessing = 0;
			shellPath = /bin/sh;
			shellScript = "diff \"${PODS_PODFILE_DIR_PATH}/Podfile.lock\" \"${PODS_ROOT}/Manifest.lock\" > /dev/null\nif [ $? != 0 ] ; then\n    # print error to STDERR\n    echo \"error: The sandbox is not in sync with the Podfile.lock. Run 'pod install' or update your CocoaPods installation.\" >&2\n    exit 1\nfi\n";
			showEnvVarsInLog = 0;
		};
		F803FA6382B9A860BA1C8861 /* [CP] Copy Pods Resources */ = {
			isa = PBXShellScriptBuildPhase;
			buildActionMask = 2147483647;
			files = (
			);
			inputPaths = (
			);
			name = "[CP] Copy Pods Resources";
			outputPaths = (
			);
			runOnlyForDeploymentPostprocessing = 0;
			shellPath = /bin/sh;
			shellScript = "\"${SRCROOT}/Pods/Target Support Files/Pods-TaxiBooking/Pods-TaxiBooking-resources.sh\"\n";
			showEnvVarsInLog = 0;
		};
/* End PBXShellScriptBuildPhase section */

/* Begin PBXSourcesBuildPhase section */
		EAF39A961EC1C4EE003DE2D5 /* Sources */ = {
			isa = PBXSourcesBuildPhase;
			buildActionMask = 2147483647;
			files = (
				EAF39AA51EC1C4EE003DE2D5 /* ViewController.m in Sources */,
				975F46E21EC1E89F00F143BC /* BookingCell.m in Sources */,
				975F46DB1EC1E0A200F143BC /* BookingListVC.m in Sources */,
				975F46E61EC1F97E00F143BC /* BookingDetailsVC.m in Sources */,
				EA75A0461EC1E78100699214 /* Driver.m in Sources */,
				EAF39AA21EC1C4EE003DE2D5 /* AppDelegate.m in Sources */,
				975F46DF1EC1E69000F143BC /* ProfileBaseView.m in Sources */,
				975F46CB1EC1CFE700F143BC /* LoginVC.m in Sources */,
				EA75A0491EC1F17800699214 /* BookingModel.m in Sources */,
				EAF39A9F1EC1C4EE003DE2D5 /* main.m in Sources */,
				EA75A0421EC1E33C00699214 /* Globals.m in Sources */,
				EA75A03F1EC1E32C00699214 /* BookingManager.m in Sources */,
				975F46D21EC1DB6300F143BC /* BaseNavigationController.m in Sources */,
			);
			runOnlyForDeploymentPostprocessing = 0;
		};
/* End PBXSourcesBuildPhase section */

/* Begin PBXVariantGroup section */
		EAF39AA61EC1C4EE003DE2D5 /* Main.storyboard */ = {
			isa = PBXVariantGroup;
			children = (
				EAF39AA71EC1C4EE003DE2D5 /* Base */,
			);
			name = Main.storyboard;
			sourceTree = "<group>";
		};
		EAF39AAB1EC1C4EE003DE2D5 /* LaunchScreen.storyboard */ = {
			isa = PBXVariantGroup;
			children = (
				EAF39AAC1EC1C4EE003DE2D5 /* Base */,
			);
			name = LaunchScreen.storyboard;
			sourceTree = "<group>";
		};
/* End PBXVariantGroup section */

/* Begin XCBuildConfiguration section */
		EAF39AAF1EC1C4EE003DE2D5 /* Debug */ = {
			isa = XCBuildConfiguration;
			buildSettings = {
				ALWAYS_SEARCH_USER_PATHS = NO;
				CLANG_ANALYZER_NONNULL = YES;
				CLANG_ANALYZER_NUMBER_OBJECT_CONVERSION = YES_AGGRESSIVE;
				CLANG_CXX_LANGUAGE_STANDARD = "gnu++0x";
				CLANG_CXX_LIBRARY = "libc++";
				CLANG_ENABLE_MODULES = YES;
				CLANG_ENABLE_OBJC_ARC = YES;
				CLANG_WARN_BOOL_CONVERSION = YES;
				CLANG_WARN_CONSTANT_CONVERSION = YES;
				CLANG_WARN_DIRECT_OBJC_ISA_USAGE = YES_ERROR;
				CLANG_WARN_DOCUMENTATION_COMMENTS = YES;
				CLANG_WARN_EMPTY_BODY = YES;
				CLANG_WARN_ENUM_CONVERSION = YES;
				CLANG_WARN_INFINITE_RECURSION = YES;
				CLANG_WARN_INT_CONVERSION = YES;
				CLANG_WARN_OBJC_ROOT_CLASS = YES_ERROR;
				CLANG_WARN_SUSPICIOUS_MOVE = YES;
				CLANG_WARN_UNREACHABLE_CODE = YES;
				CLANG_WARN__DUPLICATE_METHOD_MATCH = YES;
				"CODE_SIGN_IDENTITY[sdk=iphoneos*]" = "iPhone Developer";
				COPY_PHASE_STRIP = NO;
				DEBUG_INFORMATION_FORMAT = dwarf;
				ENABLE_STRICT_OBJC_MSGSEND = YES;
				ENABLE_TESTABILITY = YES;
				GCC_C_LANGUAGE_STANDARD = gnu99;
				GCC_DYNAMIC_NO_PIC = NO;
				GCC_NO_COMMON_BLOCKS = YES;
				GCC_OPTIMIZATION_LEVEL = 0;
				GCC_PREPROCESSOR_DEFINITIONS = (
					"DEBUG=1",
					"$(inherited)",
				);
				GCC_WARN_64_TO_32_BIT_CONVERSION = YES;
				GCC_WARN_ABOUT_RETURN_TYPE = YES_ERROR;
				GCC_WARN_UNDECLARED_SELECTOR = YES;
				GCC_WARN_UNINITIALIZED_AUTOS = YES_AGGRESSIVE;
				GCC_WARN_UNUSED_FUNCTION = YES;
				GCC_WARN_UNUSED_VARIABLE = YES;
				IPHONEOS_DEPLOYMENT_TARGET = 10.3;
				MTL_ENABLE_DEBUG_INFO = YES;
				ONLY_ACTIVE_ARCH = YES;
				SDKROOT = iphoneos;
				TARGETED_DEVICE_FAMILY = "1,2";
			};
			name = Debug;
		};
		EAF39AB01EC1C4EE003DE2D5 /* Release */ = {
			isa = XCBuildConfiguration;
			buildSettings = {
				ALWAYS_SEARCH_USER_PATHS = NO;
				CLANG_ANALYZER_NONNULL = YES;
				CLANG_ANALYZER_NUMBER_OBJECT_CONVERSION = YES_AGGRESSIVE;
				CLANG_CXX_LANGUAGE_STANDARD = "gnu++0x";
				CLANG_CXX_LIBRARY = "libc++";
				CLANG_ENABLE_MODULES = YES;
				CLANG_ENABLE_OBJC_ARC = YES;
				CLANG_WARN_BOOL_CONVERSION = YES;
				CLANG_WARN_CONSTANT_CONVERSION = YES;
				CLANG_WARN_DIRECT_OBJC_ISA_USAGE = YES_ERROR;
				CLANG_WARN_DOCUMENTATION_COMMENTS = YES;
				CLANG_WARN_EMPTY_BODY = YES;
				CLANG_WARN_ENUM_CONVERSION = YES;
				CLANG_WARN_INFINITE_RECURSION = YES;
				CLANG_WARN_INT_CONVERSION = YES;
				CLANG_WARN_OBJC_ROOT_CLASS = YES_ERROR;
				CLANG_WARN_SUSPICIOUS_MOVE = YES;
				CLANG_WARN_UNREACHABLE_CODE = YES;
				CLANG_WARN__DUPLICATE_METHOD_MATCH = YES;
				"CODE_SIGN_IDENTITY[sdk=iphoneos*]" = "iPhone Developer";
				COPY_PHASE_STRIP = NO;
				DEBUG_INFORMATION_FORMAT = "dwarf-with-dsym";
				ENABLE_NS_ASSERTIONS = NO;
				ENABLE_STRICT_OBJC_MSGSEND = YES;
				GCC_C_LANGUAGE_STANDARD = gnu99;
				GCC_NO_COMMON_BLOCKS = YES;
				GCC_WARN_64_TO_32_BIT_CONVERSION = YES;
				GCC_WARN_ABOUT_RETURN_TYPE = YES_ERROR;
				GCC_WARN_UNDECLARED_SELECTOR = YES;
				GCC_WARN_UNINITIALIZED_AUTOS = YES_AGGRESSIVE;
				GCC_WARN_UNUSED_FUNCTION = YES;
				GCC_WARN_UNUSED_VARIABLE = YES;
				IPHONEOS_DEPLOYMENT_TARGET = 10.3;
				MTL_ENABLE_DEBUG_INFO = NO;
				SDKROOT = iphoneos;
				TARGETED_DEVICE_FAMILY = "1,2";
				VALIDATE_PRODUCT = YES;
			};
			name = Release;
		};
		EAF39AB21EC1C4EE003DE2D5 /* Debug */ = {
			isa = XCBuildConfiguration;
			baseConfigurationReference = 1F6394EA9DEBB00B38BE3252 /* Pods-TaxiBooking.debug.xcconfig */;
			buildSettings = {
				ASSETCATALOG_COMPILER_APPICON_NAME = AppIcon;
				DEVELOPMENT_TEAM = Y2Y3UF8R2H;
				INFOPLIST_FILE = TaxiBooking/Info.plist;
				IPHONEOS_DEPLOYMENT_TARGET = 10.0;
				LD_RUNPATH_SEARCH_PATHS = "$(inherited) @executable_path/Frameworks";
				PRODUCT_BUNDLE_IDENTIFIER = hrabovskyi.TaxiBooking.sasha;
				PRODUCT_NAME = "$(TARGET_NAME)";
			};
			name = Debug;
		};
		EAF39AB31EC1C4EE003DE2D5 /* Release */ = {
			isa = XCBuildConfiguration;
			baseConfigurationReference = 9A8B2E733703C0002AAD711D /* Pods-TaxiBooking.release.xcconfig */;
			buildSettings = {
				ASSETCATALOG_COMPILER_APPICON_NAME = AppIcon;
				DEVELOPMENT_TEAM = Y2Y3UF8R2H;
				INFOPLIST_FILE = TaxiBooking/Info.plist;
				IPHONEOS_DEPLOYMENT_TARGET = 10.0;
				LD_RUNPATH_SEARCH_PATHS = "$(inherited) @executable_path/Frameworks";
				PRODUCT_BUNDLE_IDENTIFIER = hrabovskyi.TaxiBooking.sasha;
				PRODUCT_NAME = "$(TARGET_NAME)";
			};
			name = Release;
		};
/* End XCBuildConfiguration section */

/* Begin XCConfigurationList section */
		EAF39A951EC1C4EE003DE2D5 /* Build configuration list for PBXProject "TaxiBooking" */ = {
			isa = XCConfigurationList;
			buildConfigurations = (
				EAF39AAF1EC1C4EE003DE2D5 /* Debug */,
				EAF39AB01EC1C4EE003DE2D5 /* Release */,
			);
			defaultConfigurationIsVisible = 0;
			defaultConfigurationName = Release;
		};
		EAF39AB11EC1C4EE003DE2D5 /* Build configuration list for PBXNativeTarget "TaxiBooking" */ = {
			isa = XCConfigurationList;
			buildConfigurations = (
				EAF39AB21EC1C4EE003DE2D5 /* Debug */,
				EAF39AB31EC1C4EE003DE2D5 /* Release */,
			);
			defaultConfigurationIsVisible = 0;
			defaultConfigurationName = Release;
		};
/* End XCConfigurationList section */
	};
	rootObject = EAF39A921EC1C4EE003DE2D5 /* Project object */;
}
